
Microsoft Visual Studio Solution File, Format Version 11.00
# Visual Studio 2010
Project("{FAE04EC0-301F-11D3-BF4B-00C04F79EFBC}") = "InternetInstall4", "ServerSetUp\Internet\InternetInstall\InternetInstall4.csproj", "{CBE1FC4B-CFEB-47B7-BAE5-EA3AB1EBA395}"
EndProject
Project("{54435603-DBB4-11D2-8724-00A0C9A8B90C}") = "InternetServerSetUp4", "ServerSetUp\Internet\InternetServerSetUp\InternetServerSetUp.vdproj", "{31AE93FA-4C72-4CE9-BA24-2E15A08FEF11}"
EndProject
Global
	GlobalSection(SubversionScc) = preSolution
		Svn-Managed = True
		Manager = AnkhSVN - Subversion Support for Visual Studio
	EndGlobalSection
	GlobalSection(SolutionConfigurationPlatforms) = preSolution
		Debug|Any CPU = Debug|Any CPU
		Release|Any CPU = Release|Any CPU
	EndGlobalSection
	GlobalSection(ProjectConfigurationPlatforms) = postSolution
		{CBE1FC4B-CFEB-47B7-BAE5-EA3AB1EBA395}.Debug|Any CPU.ActiveCfg = Debug|Any CPU
		{CBE1FC4B-CFEB-47B7-BAE5-EA3AB1EBA395}.Debug|Any CPU.Build.0 = Debug|Any CPU
		{CBE1FC4B-CFEB-47B7-BAE5-EA3AB1EBA395}.Release|Any CPU.ActiveCfg = Release|Any CPU
		{CBE1FC4B-CFEB-47B7-BAE5-EA3AB1EBA395}.Release|Any CPU.Build.0 = Release|Any CPU
		{31AE93FA-4C72-4CE9-BA24-2E15A08FEF11}.Debug|Any CPU.ActiveCfg = Debug
		{31AE93FA-4C72-4CE9-BA24-2E15A08FEF11}.Debug|Any CPU.Build.0 = Debug
		{31AE93FA-4C72-4CE9-BA24-2E15A08FEF11}.Release|Any CPU.ActiveCfg = Release
		{31AE93FA-4C72-4CE9-BA24-2E15A08FEF11}.Release|Any CPU.Build.0 = Release
	EndGlobalSection
	GlobalSection(SolutionProperties) = preSolution
		HideSolutionNode = FALSE
	EndGlobalSection
EndGlobal
