
Microsoft Visual Studio Solution File, Format Version 11.00
# Visual Studio 2010
Project("{54435603-DBB4-11D2-8724-00A0C9A8B90C}") = "君飞Single版单机版", "ClientSetUp\Single\SingleClientSetUp.vdproj", "{31E115D0-7F1A-4F45-9C49-D2CFB47EB25D}"
EndProject
Global
	GlobalSection(SolutionConfigurationPlatforms) = preSolution
		Debug|Default = Debug|Default
		Release|Default = Release|Default
	EndGlobalSection
	GlobalSection(ProjectConfigurationPlatforms) = postSolution
		{31E115D0-7F1A-4F45-9C49-D2CFB47EB25D}.Debug|Default.ActiveCfg = Debug
		{31E115D0-7F1A-4F45-9C49-D2CFB47EB25D}.Debug|Default.Build.0 = Debug
		{31E115D0-7F1A-4F45-9C49-D2CFB47EB25D}.Release|Default.ActiveCfg = Release
		{31E115D0-7F1A-4F45-9C49-D2CFB47EB25D}.Release|Default.Build.0 = Release
	EndGlobalSection
	GlobalSection(SolutionProperties) = preSolution
		HideSolutionNode = FALSE
	EndGlobalSection
EndGlobal
