
Microsoft Visual Studio Solution File, Format Version 11.00
# Visual Studio 2010
Project("{54435603-DBB4-11D2-8724-00A0C9A8B90C}") = "KfClientSetUp", "Kf.ClientSetUp.vdproj", "{A52CCB04-3DD2-47B5-9325-555C8ABE11C8}"
EndProject
Global
	GlobalSection(SubversionScc) = preSolution
		Svn-Managed = True
		Manager = AnkhSVN - Subversion Support for Visual Studio
	EndGlobalSection
	GlobalSection(SolutionConfigurationPlatforms) = preSolution
		Debug|x86 = Debug|x86
		Release|x86 = Release|x86
	EndGlobalSection
	GlobalSection(ProjectConfigurationPlatforms) = postSolution
		{A52CCB04-3DD2-47B5-9325-555C8ABE11C8}.Debug|x86.ActiveCfg = Debug
		{A52CCB04-3DD2-47B5-9325-555C8ABE11C8}.Debug|x86.Build.0 = Debug
		{A52CCB04-3DD2-47B5-9325-555C8ABE11C8}.Release|x86.ActiveCfg = Release
		{A52CCB04-3DD2-47B5-9325-555C8ABE11C8}.Release|x86.Build.0 = Release
	EndGlobalSection
	GlobalSection(SolutionProperties) = preSolution
		HideSolutionNode = FALSE
	EndGlobalSection
EndGlobal
